
Microsoft Visual Studio Solution File, Format Version 12.00
# Visual Studio 15
VisualStudioVersion = 15.0.28307.572
MinimumVisualStudioVersion = 10.0.40219.1
Project("{FAE04EC0-301F-11D3-BF4B-00C04F79EFBC}") = "R365Demo", "R365Demo\R365Demo.csproj", "{9358A528-1006-478D-AAFB-AFF14C029596}"
EndProject
Project("{FAE04EC0-301F-11D3-BF4B-00C04F79EFBC}") = "R365Demo.Tests", "R365Demo.Tests\R365Demo.Tests.csproj", "{B089457A-860E-4158-BA32-196AE76143DA}"
EndProject
Global
	GlobalSection(SolutionConfigurationPlatforms) = preSolution
		Debug|Any CPU = Debug|Any CPU
		Release|Any CPU = Release|Any CPU
	EndGlobalSection
	GlobalSection(ProjectConfigurationPlatforms) = postSolution
		{9358A528-1006-478D-AAFB-AFF14C029596}.Debug|Any CPU.ActiveCfg = Debug|Any CPU
		{9358A528-1006-478D-AAFB-AFF14C029596}.Debug|Any CPU.Build.0 = Debug|Any CPU
		{9358A528-1006-478D-AAFB-AFF14C029596}.Release|Any CPU.ActiveCfg = Release|Any CPU
		{9358A528-1006-478D-AAFB-AFF14C029596}.Release|Any CPU.Build.0 = Release|Any CPU
		{B089457A-860E-4158-BA32-196AE76143DA}.Debug|Any CPU.ActiveCfg = Debug|Any CPU
		{B089457A-860E-4158-BA32-196AE76143DA}.Debug|Any CPU.Build.0 = Debug|Any CPU
		{B089457A-860E-4158-BA32-196AE76143DA}.Release|Any CPU.ActiveCfg = Release|Any CPU
		{B089457A-860E-4158-BA32-196AE76143DA}.Release|Any CPU.Build.0 = Release|Any CPU
	EndGlobalSection
	GlobalSection(SolutionProperties) = preSolution
		HideSolutionNode = FALSE
	EndGlobalSection
	GlobalSection(ExtensibilityGlobals) = postSolution
		SolutionGuid = {E48B006F-15C2-4B86-94B3-F9B1FD08CA1A}
	EndGlobalSection
EndGlobal
